
Microsoft Visual Studio Solution File, Format Version 12.00
# Visual Studio Version 17
VisualStudioVersion = 17.1.32421.90
MinimumVisualStudioVersion = 10.0.40219.1
Project("{FAE04EC0-301F-11D3-BF4B-00C04F79EFBC}") = "MyMovies", "MyMovies\MyMovies.csproj", "{2B1FDAF1-677B-4B89-BD81-3672FD0E5528}"
EndProject
Global
	GlobalSection(SolutionConfigurationPlatforms) = preSolution
		Debug|Any CPU = Debug|Any CPU
		Release|Any CPU = Release|Any CPU
	EndGlobalSection
	GlobalSection(ProjectConfigurationPlatforms) = postSolution
		{2B1FDAF1-677B-4B89-BD81-3672FD0E5528}.Debug|Any CPU.ActiveCfg = Debug|Any CPU
		{2B1FDAF1-677B-4B89-BD81-3672FD0E5528}.Debug|Any CPU.Build.0 = Debug|Any CPU
		{2B1FDAF1-677B-4B89-BD81-3672FD0E5528}.Release|Any CPU.ActiveCfg = Release|Any CPU
		{2B1FDAF1-677B-4B89-BD81-3672FD0E5528}.Release|Any CPU.Build.0 = Release|Any CPU
	EndGlobalSection
	GlobalSection(SolutionProperties) = preSolution
		HideSolutionNode = FALSE
	EndGlobalSection
	GlobalSection(ExtensibilityGlobals) = postSolution
		SolutionGuid = {079C6B5A-6C3D-46DF-9C76-0484AACEDF8A}
	EndGlobalSection
EndGlobal
